
Microsoft Visual Studio Solution File, Format Version 12.00
# Visual Studio Version 17
VisualStudioVersion = 17.2.32630.192
MinimumVisualStudioVersion = 10.0.40219.1
Project("{9A19103F-16F7-4668-BE54-9A1E7A4F7556}") = "BlazorEcommerce.Server", "BlazorEcommerce\Server\BlazorEcommerce.Server.csproj", "{CAEC2021-6292-4DEB-97F7-E9848CB8ED06}"
EndProject
Project("{9A19103F-16F7-4668-BE54-9A1E7A4F7556}") = "BlazorEcommerce.Client", "BlazorEcommerce\Client\BlazorEcommerce.Client.csproj", "{5ADCEE73-259F-4449-996D-42DC72481FDD}"
EndProject
Project("{9A19103F-16F7-4668-BE54-9A1E7A4F7556}") = "BlazorEcommerce.Shared", "BlazorEcommerce\Shared\BlazorEcommerce.Shared.csproj", "{A9613131-7939-4596-A4A4-C4C43E1C05AF}"
EndProject
Global
	GlobalSection(SolutionConfigurationPlatforms) = preSolution
		Debug|Any CPU = Debug|Any CPU
		Release|Any CPU = Release|Any CPU
	EndGlobalSection
	GlobalSection(ProjectConfigurationPlatforms) = postSolution
		{CAEC2021-6292-4DEB-97F7-E9848CB8ED06}.Debug|Any CPU.ActiveCfg = Debug|Any CPU
		{CAEC2021-6292-4DEB-97F7-E9848CB8ED06}.Debug|Any CPU.Build.0 = Debug|Any CPU
		{CAEC2021-6292-4DEB-97F7-E9848CB8ED06}.Release|Any CPU.ActiveCfg = Release|Any CPU
		{CAEC2021-6292-4DEB-97F7-E9848CB8ED06}.Release|Any CPU.Build.0 = Release|Any CPU
		{5ADCEE73-259F-4449-996D-42DC72481FDD}.Debug|Any CPU.ActiveCfg = Debug|Any CPU
		{5ADCEE73-259F-4449-996D-42DC72481FDD}.Debug|Any CPU.Build.0 = Debug|Any CPU
		{5ADCEE73-259F-4449-996D-42DC72481FDD}.Release|Any CPU.ActiveCfg = Release|Any CPU
		{5ADCEE73-259F-4449-996D-42DC72481FDD}.Release|Any CPU.Build.0 = Release|Any CPU
		{A9613131-7939-4596-A4A4-C4C43E1C05AF}.Debug|Any CPU.ActiveCfg = Debug|Any CPU
		{A9613131-7939-4596-A4A4-C4C43E1C05AF}.Debug|Any CPU.Build.0 = Debug|Any CPU
		{A9613131-7939-4596-A4A4-C4C43E1C05AF}.Release|Any CPU.ActiveCfg = Release|Any CPU
		{A9613131-7939-4596-A4A4-C4C43E1C05AF}.Release|Any CPU.Build.0 = Release|Any CPU
	EndGlobalSection
	GlobalSection(SolutionProperties) = preSolution
		HideSolutionNode = FALSE
	EndGlobalSection
	GlobalSection(ExtensibilityGlobals) = postSolution
		SolutionGuid = {3F73E01D-AD8F-409C-9D5A-5894084217F9}
	EndGlobalSection
EndGlobal
